
Microsoft Visual Studio Solution File, Format Version 12.00
# Visual Studio Version 17
VisualStudioVersion = 17.9.34701.34
MinimumVisualStudioVersion = 10.0.40219.1
Project("{9A19103F-16F7-4668-BE54-9A1E7A4F7556}") = "DemoSSR", "DemoSSR\DemoSSR\DemoSSR.csproj", "{86AE1719-8EB3-4972-98EA-9C10B668E94F}"
EndProject
Project("{9A19103F-16F7-4668-BE54-9A1E7A4F7556}") = "DemoSSR.Client", "DemoSSR\DemoSSR.Client\DemoSSR.Client.csproj", "{D8726A98-5A77-4405-8430-40044F465FF2}"
EndProject
Project("{9A19103F-16F7-4668-BE54-9A1E7A4F7556}") = "Tools", "Tools\Tools.csproj", "{A47948BB-8DCD-4833-BCA7-A0705B25E106}"
EndProject
Global
	GlobalSection(SolutionConfigurationPlatforms) = preSolution
		Debug|Any CPU = Debug|Any CPU
		Release|Any CPU = Release|Any CPU
	EndGlobalSection
	GlobalSection(ProjectConfigurationPlatforms) = postSolution
		{86AE1719-8EB3-4972-98EA-9C10B668E94F}.Debug|Any CPU.ActiveCfg = Debug|Any CPU
		{86AE1719-8EB3-4972-98EA-9C10B668E94F}.Debug|Any CPU.Build.0 = Debug|Any CPU
		{86AE1719-8EB3-4972-98EA-9C10B668E94F}.Release|Any CPU.ActiveCfg = Release|Any CPU
		{86AE1719-8EB3-4972-98EA-9C10B668E94F}.Release|Any CPU.Build.0 = Release|Any CPU
		{D8726A98-5A77-4405-8430-40044F465FF2}.Debug|Any CPU.ActiveCfg = Debug|Any CPU
		{D8726A98-5A77-4405-8430-40044F465FF2}.Debug|Any CPU.Build.0 = Debug|Any CPU
		{D8726A98-5A77-4405-8430-40044F465FF2}.Release|Any CPU.ActiveCfg = Release|Any CPU
		{D8726A98-5A77-4405-8430-40044F465FF2}.Release|Any CPU.Build.0 = Release|Any CPU
		{A47948BB-8DCD-4833-BCA7-A0705B25E106}.Debug|Any CPU.ActiveCfg = Debug|Any CPU
		{A47948BB-8DCD-4833-BCA7-A0705B25E106}.Debug|Any CPU.Build.0 = Debug|Any CPU
		{A47948BB-8DCD-4833-BCA7-A0705B25E106}.Release|Any CPU.ActiveCfg = Release|Any CPU
		{A47948BB-8DCD-4833-BCA7-A0705B25E106}.Release|Any CPU.Build.0 = Release|Any CPU
	EndGlobalSection
	GlobalSection(SolutionProperties) = preSolution
		HideSolutionNode = FALSE
	EndGlobalSection
	GlobalSection(ExtensibilityGlobals) = postSolution
		SolutionGuid = {E0BC7FE0-3D4A-448C-8C71-071358F72EC2}
	EndGlobalSection
EndGlobal
